
Microsoft Visual Studio Solution File, Format Version 12.00
# Visual Studio 15
VisualStudioVersion = 15.0.28307.1259
MinimumVisualStudioVersion = 10.0.40219.1
Project("{FAE04EC0-301F-11D3-BF4B-00C04F79EFBC}") = "oop1", "oop1\oop1.csproj", "{D0F6B2F6-5B66-4811-AF7D-05909E74D8C3}"
EndProject
Global
	GlobalSection(SolutionConfigurationPlatforms) = preSolution
		Debug|Any CPU = Debug|Any CPU
		Release|Any CPU = Release|Any CPU
	EndGlobalSection
	GlobalSection(ProjectConfigurationPlatforms) = postSolution
		{D0F6B2F6-5B66-4811-AF7D-05909E74D8C3}.Debug|Any CPU.ActiveCfg = Debug|Any CPU
		{D0F6B2F6-5B66-4811-AF7D-05909E74D8C3}.Debug|Any CPU.Build.0 = Debug|Any CPU
		{D0F6B2F6-5B66-4811-AF7D-05909E74D8C3}.Release|Any CPU.ActiveCfg = Release|Any CPU
		{D0F6B2F6-5B66-4811-AF7D-05909E74D8C3}.Release|Any CPU.Build.0 = Release|Any CPU
	EndGlobalSection
	GlobalSection(SolutionProperties) = preSolution
		HideSolutionNode = FALSE
	EndGlobalSection
	GlobalSection(ExtensibilityGlobals) = postSolution
		SolutionGuid = {64E25EA7-1165-4AAA-90F0-BEE5A0E6D387}
	EndGlobalSection
EndGlobal
