
Microsoft Visual Studio Solution File, Format Version 12.00
# Visual Studio 15
VisualStudioVersion = 15.0.28307.1259
MinimumVisualStudioVersion = 10.0.40219.1
Project("{FAE04EC0-301F-11D3-BF4B-00C04F79EFBC}") = "Wednesday", "Wednesday\Wednesday.csproj", "{D1751AFA-B15F-41CF-BB80-F3B22B1DA144}"
EndProject
Global
	GlobalSection(SolutionConfigurationPlatforms) = preSolution
		Debug|Any CPU = Debug|Any CPU
		Release|Any CPU = Release|Any CPU
	EndGlobalSection
	GlobalSection(ProjectConfigurationPlatforms) = postSolution
		{D1751AFA-B15F-41CF-BB80-F3B22B1DA144}.Debug|Any CPU.ActiveCfg = Debug|Any CPU
		{D1751AFA-B15F-41CF-BB80-F3B22B1DA144}.Debug|Any CPU.Build.0 = Debug|Any CPU
		{D1751AFA-B15F-41CF-BB80-F3B22B1DA144}.Release|Any CPU.ActiveCfg = Release|Any CPU
		{D1751AFA-B15F-41CF-BB80-F3B22B1DA144}.Release|Any CPU.Build.0 = Release|Any CPU
	EndGlobalSection
	GlobalSection(SolutionProperties) = preSolution
		HideSolutionNode = FALSE
	EndGlobalSection
	GlobalSection(ExtensibilityGlobals) = postSolution
		SolutionGuid = {06993BDA-B11A-4D84-992E-8CBDA5A1B24A}
	EndGlobalSection
EndGlobal
