
Microsoft Visual Studio Solution File, Format Version 12.00
# Visual Studio 15
VisualStudioVersion = 15.0.28307.1259
MinimumVisualStudioVersion = 10.0.40219.1
Project("{FAE04EC0-301F-11D3-BF4B-00C04F79EFBC}") = "Tuesday", "Tuesday\Tuesday.csproj", "{6FF9E9C7-C067-4239-97C8-3A1EB9FBAEB7}"
EndProject
Global
	GlobalSection(SolutionConfigurationPlatforms) = preSolution
		Debug|Any CPU = Debug|Any CPU
		Release|Any CPU = Release|Any CPU
	EndGlobalSection
	GlobalSection(ProjectConfigurationPlatforms) = postSolution
		{6FF9E9C7-C067-4239-97C8-3A1EB9FBAEB7}.Debug|Any CPU.ActiveCfg = Debug|Any CPU
		{6FF9E9C7-C067-4239-97C8-3A1EB9FBAEB7}.Debug|Any CPU.Build.0 = Debug|Any CPU
		{6FF9E9C7-C067-4239-97C8-3A1EB9FBAEB7}.Release|Any CPU.ActiveCfg = Release|Any CPU
		{6FF9E9C7-C067-4239-97C8-3A1EB9FBAEB7}.Release|Any CPU.Build.0 = Release|Any CPU
	EndGlobalSection
	GlobalSection(SolutionProperties) = preSolution
		HideSolutionNode = FALSE
	EndGlobalSection
	GlobalSection(ExtensibilityGlobals) = postSolution
		SolutionGuid = {E2ECDBB2-1DFB-4ADF-BD00-F05730377FF5}
	EndGlobalSection
EndGlobal
